
Microsoft Visual Studio Solution File, Format Version 12.00
# Visual Studio Version 17
VisualStudioVersion = 17.0.31903.59
MinimumVisualStudioVersion = 10.0.40219.1
Project("{2150E333-8FDC-42A3-9474-1A3956D46DE8}") = "src", "src", "{827E0CD3-B72D-47B6-A68D-7590B98EB39B}"
EndProject
Project("{FAE04EC0-301F-11D3-BF4B-00C04F79EFBC}") = "ServerList.Api", "src\ServerList.Api\ServerList.Api.csproj", "{E1989CA9-2572-4780-B9CB-B1CF3252130E}"
EndProject
Project("{FAE04EC0-301F-11D3-BF4B-00C04F79EFBC}") = "ServerList.Domain", "src\ServerList.Domain\ServerList.Domain.csproj", "{6CC5ABB7-C719-42DA-9BD0-75AE2BB87097}"
EndProject
Project("{FAE04EC0-301F-11D3-BF4B-00C04F79EFBC}") = "ServerList.Application", "src\ServerList.Application\ServerList.Application.csproj", "{78CEE2A5-C06A-4B58-99B0-D4501E0FAC66}"
EndProject
Project("{FAE04EC0-301F-11D3-BF4B-00C04F79EFBC}") = "ServerList.Infrastructure", "src\ServerList.Infrastructure\ServerList.Infrastructure.csproj", "{FD8E8616-4E2F-41C9-838E-774C02D6AC03}"
EndProject
Global
	GlobalSection(SolutionConfigurationPlatforms) = preSolution
		Debug|Any CPU = Debug|Any CPU
		Debug|x64 = Debug|x64
		Debug|x86 = Debug|x86
		Release|Any CPU = Release|Any CPU
		Release|x64 = Release|x64
		Release|x86 = Release|x86
	EndGlobalSection
	GlobalSection(ProjectConfigurationPlatforms) = postSolution
		{E1989CA9-2572-4780-B9CB-B1CF3252130E}.Debug|Any CPU.ActiveCfg = Debug|Any CPU
		{E1989CA9-2572-4780-B9CB-B1CF3252130E}.Debug|Any CPU.Build.0 = Debug|Any CPU
		{E1989CA9-2572-4780-B9CB-B1CF3252130E}.Debug|x64.ActiveCfg = Debug|Any CPU
		{E1989CA9-2572-4780-B9CB-B1CF3252130E}.Debug|x64.Build.0 = Debug|Any CPU
		{E1989CA9-2572-4780-B9CB-B1CF3252130E}.Debug|x86.ActiveCfg = Debug|Any CPU
		{E1989CA9-2572-4780-B9CB-B1CF3252130E}.Debug|x86.Build.0 = Debug|Any CPU
		{E1989CA9-2572-4780-B9CB-B1CF3252130E}.Release|Any CPU.ActiveCfg = Release|Any CPU
		{E1989CA9-2572-4780-B9CB-B1CF3252130E}.Release|Any CPU.Build.0 = Release|Any CPU
		{E1989CA9-2572-4780-B9CB-B1CF3252130E}.Release|x64.ActiveCfg = Release|Any CPU
		{E1989CA9-2572-4780-B9CB-B1CF3252130E}.Release|x64.Build.0 = Release|Any CPU
		{E1989CA9-2572-4780-B9CB-B1CF3252130E}.Release|x86.ActiveCfg = Release|Any CPU
		{E1989CA9-2572-4780-B9CB-B1CF3252130E}.Release|x86.Build.0 = Release|Any CPU
		{6CC5ABB7-C719-42DA-9BD0-75AE2BB87097}.Debug|Any CPU.ActiveCfg = Debug|Any CPU
		{6CC5ABB7-C719-42DA-9BD0-75AE2BB87097}.Debug|Any CPU.Build.0 = Debug|Any CPU
		{6CC5ABB7-C719-42DA-9BD0-75AE2BB87097}.Debug|x64.ActiveCfg = Debug|Any CPU
		{6CC5ABB7-C719-42DA-9BD0-75AE2BB87097}.Debug|x64.Build.0 = Debug|Any CPU
		{6CC5ABB7-C719-42DA-9BD0-75AE2BB87097}.Debug|x86.ActiveCfg = Debug|Any CPU
		{6CC5ABB7-C719-42DA-9BD0-75AE2BB87097}.Debug|x86.Build.0 = Debug|Any CPU
		{6CC5ABB7-C719-42DA-9BD0-75AE2BB87097}.Release|Any CPU.ActiveCfg = Release|Any CPU
		{6CC5ABB7-C719-42DA-9BD0-75AE2BB87097}.Release|Any CPU.Build.0 = Release|Any CPU
		{6CC5ABB7-C719-42DA-9BD0-75AE2BB87097}.Release|x64.ActiveCfg = Release|Any CPU
		{6CC5ABB7-C719-42DA-9BD0-75AE2BB87097}.Release|x64.Build.0 = Release|Any CPU
		{6CC5ABB7-C719-42DA-9BD0-75AE2BB87097}.Release|x86.ActiveCfg = Release|Any CPU
		{6CC5ABB7-C719-42DA-9BD0-75AE2BB87097}.Release|x86.Build.0 = Release|Any CPU
		{78CEE2A5-C06A-4B58-99B0-D4501E0FAC66}.Debug|Any CPU.ActiveCfg = Debug|Any CPU
		{78CEE2A5-C06A-4B58-99B0-D4501E0FAC66}.Debug|Any CPU.Build.0 = Debug|Any CPU
		{78CEE2A5-C06A-4B58-99B0-D4501E0FAC66}.Debug|x64.ActiveCfg = Debug|Any CPU
		{78CEE2A5-C06A-4B58-99B0-D4501E0FAC66}.Debug|x64.Build.0 = Debug|Any CPU
		{78CEE2A5-C06A-4B58-99B0-D4501E0FAC66}.Debug|x86.ActiveCfg = Debug|Any CPU
		{78CEE2A5-C06A-4B58-99B0-D4501E0FAC66}.Debug|x86.Build.0 = Debug|Any CPU
		{78CEE2A5-C06A-4B58-99B0-D4501E0FAC66}.Release|Any CPU.ActiveCfg = Release|Any CPU
		{78CEE2A5-C06A-4B58-99B0-D4501E0FAC66}.Release|Any CPU.Build.0 = Release|Any CPU
		{78CEE2A5-C06A-4B58-99B0-D4501E0FAC66}.Release|x64.ActiveCfg = Release|Any CPU
		{78CEE2A5-C06A-4B58-99B0-D4501E0FAC66}.Release|x64.Build.0 = Release|Any CPU
		{78CEE2A5-C06A-4B58-99B0-D4501E0FAC66}.Release|x86.ActiveCfg = Release|Any CPU
		{78CEE2A5-C06A-4B58-99B0-D4501E0FAC66}.Release|x86.Build.0 = Release|Any CPU
		{FD8E8616-4E2F-41C9-838E-774C02D6AC03}.Debug|Any CPU.ActiveCfg = Debug|Any CPU
		{FD8E8616-4E2F-41C9-838E-774C02D6AC03}.Debug|Any CPU.Build.0 = Debug|Any CPU
		{FD8E8616-4E2F-41C9-838E-774C02D6AC03}.Debug|x64.ActiveCfg = Debug|Any CPU
		{FD8E8616-4E2F-41C9-838E-774C02D6AC03}.Debug|x64.Build.0 = Debug|Any CPU
		{FD8E8616-4E2F-41C9-838E-774C02D6AC03}.Debug|x86.ActiveCfg = Debug|Any CPU
		{FD8E8616-4E2F-41C9-838E-774C02D6AC03}.Debug|x86.Build.0 = Debug|Any CPU
		{FD8E8616-4E2F-41C9-838E-774C02D6AC03}.Release|Any CPU.ActiveCfg = Release|Any CPU
		{FD8E8616-4E2F-41C9-838E-774C02D6AC03}.Release|Any CPU.Build.0 = Release|Any CPU
		{FD8E8616-4E2F-41C9-838E-774C02D6AC03}.Release|x64.ActiveCfg = Release|Any CPU
		{FD8E8616-4E2F-41C9-838E-774C02D6AC03}.Release|x64.Build.0 = Release|Any CPU
		{FD8E8616-4E2F-41C9-838E-774C02D6AC03}.Release|x86.ActiveCfg = Release|Any CPU
		{FD8E8616-4E2F-41C9-838E-774C02D6AC03}.Release|x86.Build.0 = Release|Any CPU
	EndGlobalSection
	GlobalSection(SolutionProperties) = preSolution
		HideSolutionNode = FALSE
	EndGlobalSection
	GlobalSection(NestedProjects) = preSolution
		{E1989CA9-2572-4780-B9CB-B1CF3252130E} = {827E0CD3-B72D-47B6-A68D-7590B98EB39B}
		{6CC5ABB7-C719-42DA-9BD0-75AE2BB87097} = {827E0CD3-B72D-47B6-A68D-7590B98EB39B}
		{78CEE2A5-C06A-4B58-99B0-D4501E0FAC66} = {827E0CD3-B72D-47B6-A68D-7590B98EB39B}
		{FD8E8616-4E2F-41C9-838E-774C02D6AC03} = {827E0CD3-B72D-47B6-A68D-7590B98EB39B}
	EndGlobalSection
EndGlobal
